
Microsoft Visual Studio Solution File, Format Version 12.00
# Visual Studio 15
VisualStudioVersion = 15.0.27428.2037
MinimumVisualStudioVersion = 10.0.40219.1
Project("{F184B08F-C81C-45F6-A57F-5ABD9991F28F}") = "Monitoring", "Monitoring\Monitoring.vbproj", "{21DAEE73-0544-43BE-B2D0-29E44CE6C26D}"
EndProject
Global
	GlobalSection(SolutionConfigurationPlatforms) = preSolution
		Debug|Any CPU = Debug|Any CPU
		Release|Any CPU = Release|Any CPU
	EndGlobalSection
	GlobalSection(ProjectConfigurationPlatforms) = postSolution
		{21DAEE73-0544-43BE-B2D0-29E44CE6C26D}.Debug|Any CPU.ActiveCfg = Debug|Any CPU
		{21DAEE73-0544-43BE-B2D0-29E44CE6C26D}.Debug|Any CPU.Build.0 = Debug|Any CPU
		{21DAEE73-0544-43BE-B2D0-29E44CE6C26D}.Release|Any CPU.ActiveCfg = Release|Any CPU
		{21DAEE73-0544-43BE-B2D0-29E44CE6C26D}.Release|Any CPU.Build.0 = Release|Any CPU
	EndGlobalSection
	GlobalSection(SolutionProperties) = preSolution
		HideSolutionNode = FALSE
	EndGlobalSection
	GlobalSection(ExtensibilityGlobals) = postSolution
		SolutionGuid = {F31D0F5F-E31A-4BC2-BD04-932DD277C3CD}
	EndGlobalSection
EndGlobal
